
Microsoft Visual Studio Solution File, Format Version 12.00
# Visual Studio Version 17
VisualStudioVersion = 17.14.36717.8
MinimumVisualStudioVersion = 10.0.40219.1
Project("{FAE04EC0-301F-11D3-BF4B-00C04F79EFBC}") = "Presentation", "Presentation.csproj", "{DADB2B3A-E6C7-45F2-BE7C-D387227274D0}"
EndProject
Project("{FAE04EC0-301F-11D3-BF4B-00C04F79EFBC}") = "DataAccess", "..\DataAccess\DataAccess.csproj", "{9C3146D4-BD83-4D95-B126-5FAD1C6B6BCD}"
EndProject
Project("{FAE04EC0-301F-11D3-BF4B-00C04F79EFBC}") = "Business", "..\Business\Business.csproj", "{419E12C0-713C-4678-8BB3-2F5CAF45A01C}"
EndProject
Global
	GlobalSection(SolutionConfigurationPlatforms) = preSolution
		Debug|Any CPU = Debug|Any CPU
		Release|Any CPU = Release|Any CPU
	EndGlobalSection
	GlobalSection(ProjectConfigurationPlatforms) = postSolution
		{DADB2B3A-E6C7-45F2-BE7C-D387227274D0}.Debug|Any CPU.ActiveCfg = Debug|Any CPU
		{DADB2B3A-E6C7-45F2-BE7C-D387227274D0}.Debug|Any CPU.Build.0 = Debug|Any CPU
		{DADB2B3A-E6C7-45F2-BE7C-D387227274D0}.Release|Any CPU.ActiveCfg = Release|Any CPU
		{DADB2B3A-E6C7-45F2-BE7C-D387227274D0}.Release|Any CPU.Build.0 = Release|Any CPU
		{9C3146D4-BD83-4D95-B126-5FAD1C6B6BCD}.Debug|Any CPU.ActiveCfg = Debug|Any CPU
		{9C3146D4-BD83-4D95-B126-5FAD1C6B6BCD}.Debug|Any CPU.Build.0 = Debug|Any CPU
		{9C3146D4-BD83-4D95-B126-5FAD1C6B6BCD}.Release|Any CPU.ActiveCfg = Release|Any CPU
		{9C3146D4-BD83-4D95-B126-5FAD1C6B6BCD}.Release|Any CPU.Build.0 = Release|Any CPU
		{419E12C0-713C-4678-8BB3-2F5CAF45A01C}.Debug|Any CPU.ActiveCfg = Debug|Any CPU
		{419E12C0-713C-4678-8BB3-2F5CAF45A01C}.Debug|Any CPU.Build.0 = Debug|Any CPU
		{419E12C0-713C-4678-8BB3-2F5CAF45A01C}.Release|Any CPU.ActiveCfg = Release|Any CPU
		{419E12C0-713C-4678-8BB3-2F5CAF45A01C}.Release|Any CPU.Build.0 = Release|Any CPU
	EndGlobalSection
	GlobalSection(SolutionProperties) = preSolution
		HideSolutionNode = FALSE
	EndGlobalSection
	GlobalSection(ExtensibilityGlobals) = postSolution
		SolutionGuid = {BDADDC3F-3D38-49AE-8BEA-964832426DFD}
	EndGlobalSection
EndGlobal
